
Microsoft Visual Studio Solution File, Format Version 12.00
# Visual Studio 2017
Project("{FAE04EC0-301F-11D3-BF4B-00C04F79EFBC}") = "FlowProject", "FlowProject.csproj", "{20F4709D-363C-0A12-5BF8-E2C79AD1654B}"
EndProject
Project("{FAE04EC0-301F-11D3-BF4B-00C04F79EFBC}") = "FlowProject.Editor", "FlowProject.Editor.csproj", "{D1F285DA-E4CB-C744-2C51-919E76E0795E}"
EndProject
Global
	GlobalSection(SolutionConfigurationPlatforms) = preSolution
		Debug|Any CPU = Debug|Any CPU
		Release|Any CPU = Release|Any CPU
	EndGlobalSection
	GlobalSection(ProjectConfigurationPlatforms) = postSolution
		{20F4709D-363C-0A12-5BF8-E2C79AD1654B}.Debug|Any CPU.ActiveCfg = Debug|Any CPU
		{20F4709D-363C-0A12-5BF8-E2C79AD1654B}.Debug|Any CPU.Build.0 = Debug|Any CPU
		{20F4709D-363C-0A12-5BF8-E2C79AD1654B}.Release|Any CPU.ActiveCfg = Release|Any CPU
		{20F4709D-363C-0A12-5BF8-E2C79AD1654B}.Release|Any CPU.Build.0 = Release|Any CPU
		{D1F285DA-E4CB-C744-2C51-919E76E0795E}.Debug|Any CPU.ActiveCfg = Debug|Any CPU
		{D1F285DA-E4CB-C744-2C51-919E76E0795E}.Debug|Any CPU.Build.0 = Debug|Any CPU
		{D1F285DA-E4CB-C744-2C51-919E76E0795E}.Release|Any CPU.ActiveCfg = Release|Any CPU
		{D1F285DA-E4CB-C744-2C51-919E76E0795E}.Release|Any CPU.Build.0 = Release|Any CPU
	EndGlobalSection
	GlobalSection(SolutionProperties) = preSolution
		HideSolutionNode = FALSE
	EndGlobalSection
EndGlobal
